
Microsoft Visual Studio Solution File, Format Version 12.00
# Visual Studio 15
VisualStudioVersion = 15.0.27703.2035
MinimumVisualStudioVersion = 10.0.40219.1
Project("{FAE04EC0-301F-11D3-BF4B-00C04F79EFBC}") = "DMToolset", "DMToolset\DMToolset.csproj", "{A9CDCBB0-01BE-46C1-BA17-21E1FE1F7582}"
EndProject
Global
	GlobalSection(SolutionConfigurationPlatforms) = preSolution
		Debug|Any CPU = Debug|Any CPU
		Release|Any CPU = Release|Any CPU
	EndGlobalSection
	GlobalSection(ProjectConfigurationPlatforms) = postSolution
		{A9CDCBB0-01BE-46C1-BA17-21E1FE1F7582}.Debug|Any CPU.ActiveCfg = Debug|Any CPU
		{A9CDCBB0-01BE-46C1-BA17-21E1FE1F7582}.Debug|Any CPU.Build.0 = Debug|Any CPU
		{A9CDCBB0-01BE-46C1-BA17-21E1FE1F7582}.Release|Any CPU.ActiveCfg = Release|Any CPU
		{A9CDCBB0-01BE-46C1-BA17-21E1FE1F7582}.Release|Any CPU.Build.0 = Release|Any CPU
	EndGlobalSection
	GlobalSection(SolutionProperties) = preSolution
		HideSolutionNode = FALSE
	EndGlobalSection
	GlobalSection(ExtensibilityGlobals) = postSolution
		SolutionGuid = {29E7062D-184B-4B51-9D5F-EDC296FA9AB3}
	EndGlobalSection
EndGlobal
